# This file is automatically @generated by Poetry and should not be changed by hand.

[[package]]
name = "easytkinter"
version = "1.1.0"
description = "A module to greatly simplify tkinter applications."
category = "main"
optional = false
python-versions = "*"
files = [
    {file = "EasyTkinter-1.1.0-py2.py3-none-any.whl", hash = "sha256:ac22baf875a82d47229c61bb00afcffd1767d9ce068f18795bdcf33435a40404"},
    {file = "EasyTkinter-1.1.0.tar.gz", hash = "sha256:313d00af0236d4fd5c369cb9cc19c95eaf03fec8d18ba7872a23e206016db06f"},
]

[metadata]
lock-version = "2.0"
python-versions = "^3.10"
content-hash = "cde150d94c4c6cc1cc577cbec10d5be56d9a3c9daf97bb1997601e4bd335b653"
